
Microsoft Visual Studio Solution File, Format Version 12.00
# Visual Studio Version 17
VisualStudioVersion = 17.3.32804.467
MinimumVisualStudioVersion = 10.0.40219.1
Project("{9A19103F-16F7-4668-BE54-9A1E7A4F7556}") = "WPF_TongOn", "WPF_TongOn\WPF_TongOn.csproj", "{3DAFC508-0EFE-48CD-912A-91230F47CDF1}"
EndProject
Project("{FAE04EC0-301F-11D3-BF4B-00C04F79EFBC}") = "DK_HocPhan", "DK_HocPhan\DK_HocPhan.csproj", "{1B220CAD-C20B-472F-97F4-13DFE6FEC05B}"
EndProject
Global
	GlobalSection(SolutionConfigurationPlatforms) = preSolution
		Debug|Any CPU = Debug|Any CPU
		Release|Any CPU = Release|Any CPU
	EndGlobalSection
	GlobalSection(ProjectConfigurationPlatforms) = postSolution
		{3DAFC508-0EFE-48CD-912A-91230F47CDF1}.Debug|Any CPU.ActiveCfg = Debug|Any CPU
		{3DAFC508-0EFE-48CD-912A-91230F47CDF1}.Debug|Any CPU.Build.0 = Debug|Any CPU
		{3DAFC508-0EFE-48CD-912A-91230F47CDF1}.Release|Any CPU.ActiveCfg = Release|Any CPU
		{3DAFC508-0EFE-48CD-912A-91230F47CDF1}.Release|Any CPU.Build.0 = Release|Any CPU
		{1B220CAD-C20B-472F-97F4-13DFE6FEC05B}.Debug|Any CPU.ActiveCfg = Debug|Any CPU
		{1B220CAD-C20B-472F-97F4-13DFE6FEC05B}.Debug|Any CPU.Build.0 = Debug|Any CPU
		{1B220CAD-C20B-472F-97F4-13DFE6FEC05B}.Release|Any CPU.ActiveCfg = Release|Any CPU
		{1B220CAD-C20B-472F-97F4-13DFE6FEC05B}.Release|Any CPU.Build.0 = Release|Any CPU
	EndGlobalSection
	GlobalSection(SolutionProperties) = preSolution
		HideSolutionNode = FALSE
	EndGlobalSection
	GlobalSection(ExtensibilityGlobals) = postSolution
		SolutionGuid = {6B7B93D2-BF81-4A12-B1E3-4B8CB5526711}
	EndGlobalSection
EndGlobal
