
Microsoft Visual Studio Solution File, Format Version 12.00
# Visual Studio Version 17
VisualStudioVersion = 17.3.32804.467
MinimumVisualStudioVersion = 10.0.40219.1
Project("{FAE04EC0-301F-11D3-BF4B-00C04F79EFBC}") = "WPF_QLBanHang", "WPF_QLBanHang\WPF_QLBanHang.csproj", "{38BB3357-2AA1-4143-9898-A440E1814ACF}"
EndProject
Global
	GlobalSection(SolutionConfigurationPlatforms) = preSolution
		Debug|Any CPU = Debug|Any CPU
		Release|Any CPU = Release|Any CPU
	EndGlobalSection
	GlobalSection(ProjectConfigurationPlatforms) = postSolution
		{38BB3357-2AA1-4143-9898-A440E1814ACF}.Debug|Any CPU.ActiveCfg = Debug|Any CPU
		{38BB3357-2AA1-4143-9898-A440E1814ACF}.Debug|Any CPU.Build.0 = Debug|Any CPU
		{38BB3357-2AA1-4143-9898-A440E1814ACF}.Release|Any CPU.ActiveCfg = Release|Any CPU
		{38BB3357-2AA1-4143-9898-A440E1814ACF}.Release|Any CPU.Build.0 = Release|Any CPU
	EndGlobalSection
	GlobalSection(SolutionProperties) = preSolution
		HideSolutionNode = FALSE
	EndGlobalSection
	GlobalSection(ExtensibilityGlobals) = postSolution
		SolutionGuid = {15BF5996-8932-4C24-95AA-F682946920D1}
	EndGlobalSection
EndGlobal
