
Microsoft Visual Studio Solution File, Format Version 12.00
# Visual Studio Version 17
VisualStudioVersion = 17.2.32630.192
MinimumVisualStudioVersion = 10.0.40219.1
Project("{FAE04EC0-301F-11D3-BF4B-00C04F79EFBC}") = "Bai_6.1", "Bai_6.1\Bai_6.1.csproj", "{4AAE1A80-4B0A-4098-8320-077C4CC5D35A}"
EndProject
Global
	GlobalSection(SolutionConfigurationPlatforms) = preSolution
		Debug|Any CPU = Debug|Any CPU
		Release|Any CPU = Release|Any CPU
	EndGlobalSection
	GlobalSection(ProjectConfigurationPlatforms) = postSolution
		{4AAE1A80-4B0A-4098-8320-077C4CC5D35A}.Debug|Any CPU.ActiveCfg = Debug|Any CPU
		{4AAE1A80-4B0A-4098-8320-077C4CC5D35A}.Debug|Any CPU.Build.0 = Debug|Any CPU
		{4AAE1A80-4B0A-4098-8320-077C4CC5D35A}.Release|Any CPU.ActiveCfg = Release|Any CPU
		{4AAE1A80-4B0A-4098-8320-077C4CC5D35A}.Release|Any CPU.Build.0 = Release|Any CPU
	EndGlobalSection
	GlobalSection(SolutionProperties) = preSolution
		HideSolutionNode = FALSE
	EndGlobalSection
	GlobalSection(ExtensibilityGlobals) = postSolution
		SolutionGuid = {7C473DF3-3FDC-4697-9370-55A153BB25CF}
	EndGlobalSection
EndGlobal
