
Microsoft Visual Studio Solution File, Format Version 12.00
# Visual Studio Version 17
VisualStudioVersion = 17.2.32616.157
MinimumVisualStudioVersion = 10.0.40219.1
Project("{FAE04EC0-301F-11D3-BF4B-00C04F79EFBC}") = "Bai2", "Bai2\Bai2.csproj", "{7A61DD38-38C1-43C1-A198-7F352F5F0084}"
EndProject
Project("{FAE04EC0-301F-11D3-BF4B-00C04F79EFBC}") = "Bai2.2", "Bai2.2\Bai2.2.csproj", "{A301A8CA-EAD1-4A6C-B6DA-C55FDCE93AEC}"
EndProject
Global
	GlobalSection(SolutionConfigurationPlatforms) = preSolution
		Debug|Any CPU = Debug|Any CPU
		Release|Any CPU = Release|Any CPU
	EndGlobalSection
	GlobalSection(ProjectConfigurationPlatforms) = postSolution
		{7A61DD38-38C1-43C1-A198-7F352F5F0084}.Debug|Any CPU.ActiveCfg = Debug|Any CPU
		{7A61DD38-38C1-43C1-A198-7F352F5F0084}.Debug|Any CPU.Build.0 = Debug|Any CPU
		{7A61DD38-38C1-43C1-A198-7F352F5F0084}.Release|Any CPU.ActiveCfg = Release|Any CPU
		{7A61DD38-38C1-43C1-A198-7F352F5F0084}.Release|Any CPU.Build.0 = Release|Any CPU
		{A301A8CA-EAD1-4A6C-B6DA-C55FDCE93AEC}.Debug|Any CPU.ActiveCfg = Debug|Any CPU
		{A301A8CA-EAD1-4A6C-B6DA-C55FDCE93AEC}.Debug|Any CPU.Build.0 = Debug|Any CPU
		{A301A8CA-EAD1-4A6C-B6DA-C55FDCE93AEC}.Release|Any CPU.ActiveCfg = Release|Any CPU
		{A301A8CA-EAD1-4A6C-B6DA-C55FDCE93AEC}.Release|Any CPU.Build.0 = Release|Any CPU
	EndGlobalSection
	GlobalSection(SolutionProperties) = preSolution
		HideSolutionNode = FALSE
	EndGlobalSection
	GlobalSection(ExtensibilityGlobals) = postSolution
		SolutionGuid = {9EE77526-397E-4629-8675-1F7B09884394}
	EndGlobalSection
EndGlobal
