
Microsoft Visual Studio Solution File, Format Version 12.00
# Visual Studio Version 17
VisualStudioVersion = 17.2.32630.192
MinimumVisualStudioVersion = 10.0.40219.1
Project("{FAE04EC0-301F-11D3-BF4B-00C04F79EFBC}") = "Bai_5.1", "Bai_5.1\Bai_5.1.csproj", "{228616DD-B626-467D-92B5-16F556D14B00}"
EndProject
Global
	GlobalSection(SolutionConfigurationPlatforms) = preSolution
		Debug|Any CPU = Debug|Any CPU
		Release|Any CPU = Release|Any CPU
	EndGlobalSection
	GlobalSection(ProjectConfigurationPlatforms) = postSolution
		{228616DD-B626-467D-92B5-16F556D14B00}.Debug|Any CPU.ActiveCfg = Debug|Any CPU
		{228616DD-B626-467D-92B5-16F556D14B00}.Debug|Any CPU.Build.0 = Debug|Any CPU
		{228616DD-B626-467D-92B5-16F556D14B00}.Release|Any CPU.ActiveCfg = Release|Any CPU
		{228616DD-B626-467D-92B5-16F556D14B00}.Release|Any CPU.Build.0 = Release|Any CPU
	EndGlobalSection
	GlobalSection(SolutionProperties) = preSolution
		HideSolutionNode = FALSE
	EndGlobalSection
	GlobalSection(ExtensibilityGlobals) = postSolution
		SolutionGuid = {D7EC99B2-874B-40AF-82E7-941B6855C67B}
	EndGlobalSection
EndGlobal
