
Microsoft Visual Studio Solution File, Format Version 12.00
# Visual Studio Version 17
VisualStudioVersion = 17.2.32630.192
MinimumVisualStudioVersion = 10.0.40219.1
Project("{FAE04EC0-301F-11D3-BF4B-00C04F79EFBC}") = "WPF_LINQ_Bai1", "WPF_LINQ_Bai1\WPF_LINQ_Bai1.csproj", "{AC645753-CE6E-491A-A25C-20EE6C3A6AAB}"
EndProject
Global
	GlobalSection(SolutionConfigurationPlatforms) = preSolution
		Debug|Any CPU = Debug|Any CPU
		Release|Any CPU = Release|Any CPU
	EndGlobalSection
	GlobalSection(ProjectConfigurationPlatforms) = postSolution
		{AC645753-CE6E-491A-A25C-20EE6C3A6AAB}.Debug|Any CPU.ActiveCfg = Debug|Any CPU
		{AC645753-CE6E-491A-A25C-20EE6C3A6AAB}.Debug|Any CPU.Build.0 = Debug|Any CPU
		{AC645753-CE6E-491A-A25C-20EE6C3A6AAB}.Release|Any CPU.ActiveCfg = Release|Any CPU
		{AC645753-CE6E-491A-A25C-20EE6C3A6AAB}.Release|Any CPU.Build.0 = Release|Any CPU
	EndGlobalSection
	GlobalSection(SolutionProperties) = preSolution
		HideSolutionNode = FALSE
	EndGlobalSection
	GlobalSection(ExtensibilityGlobals) = postSolution
		SolutionGuid = {6674A21F-7A85-4E9A-A36F-B38EF26CFBA4}
	EndGlobalSection
EndGlobal
