
Microsoft Visual Studio Solution File, Format Version 12.00
# Visual Studio Version 17
VisualStudioVersion = 17.2.32616.157
MinimumVisualStudioVersion = 10.0.40219.1
Project("{FAE04EC0-301F-11D3-BF4B-00C04F79EFBC}") = "Test_String", "Test_String\Test_String.csproj", "{69E2712C-DD51-46D8-8236-465018582A21}"
EndProject
Global
	GlobalSection(SolutionConfigurationPlatforms) = preSolution
		Debug|Any CPU = Debug|Any CPU
		Release|Any CPU = Release|Any CPU
	EndGlobalSection
	GlobalSection(ProjectConfigurationPlatforms) = postSolution
		{69E2712C-DD51-46D8-8236-465018582A21}.Debug|Any CPU.ActiveCfg = Debug|Any CPU
		{69E2712C-DD51-46D8-8236-465018582A21}.Debug|Any CPU.Build.0 = Debug|Any CPU
		{69E2712C-DD51-46D8-8236-465018582A21}.Release|Any CPU.ActiveCfg = Release|Any CPU
		{69E2712C-DD51-46D8-8236-465018582A21}.Release|Any CPU.Build.0 = Release|Any CPU
	EndGlobalSection
	GlobalSection(SolutionProperties) = preSolution
		HideSolutionNode = FALSE
	EndGlobalSection
	GlobalSection(ExtensibilityGlobals) = postSolution
		SolutionGuid = {13EBCF20-0304-4C99-9BFC-0789CC05BAD6}
	EndGlobalSection
EndGlobal
