
Microsoft Visual Studio Solution File, Format Version 12.00
# Visual Studio Version 17
VisualStudioVersion = 17.2.32630.192
MinimumVisualStudioVersion = 10.0.40219.1
Project("{FAE04EC0-301F-11D3-BF4B-00C04F79EFBC}") = "VD_Form", "VD_Form\VD_Form.csproj", "{8446D6F6-0C9E-437E-BDDE-F5340C8612C3}"
EndProject
Project("{FAE04EC0-301F-11D3-BF4B-00C04F79EFBC}") = "VN_GiaiPT", "VN_GiaiPT\VN_GiaiPT.csproj", "{9FCD9F96-0955-431C-BFCA-17891CE162CE}"
EndProject
Project("{FAE04EC0-301F-11D3-BF4B-00C04F79EFBC}") = "VD_listbox1", "VD_listbox1\VD_listbox1.csproj", "{9E96F7E8-DCE0-4F6E-8B62-B928EABD2BA5}"
EndProject
Project("{FAE04EC0-301F-11D3-BF4B-00C04F79EFBC}") = "VD_ComboBox", "VD_ComboBox\VD_ComboBox.csproj", "{201D489F-1D5B-4A97-B11C-1D156D0AD2A6}"
EndProject
Project("{FAE04EC0-301F-11D3-BF4B-00C04F79EFBC}") = "VD_CheckandGroupBox", "VD_CheckandGroupBox\VD_CheckandGroupBox.csproj", "{35C0CCB6-D007-4BEC-893A-96EF07F290B8}"
EndProject
Project("{FAE04EC0-301F-11D3-BF4B-00C04F79EFBC}") = "VD_ListView", "VD_ListView\VD_ListView.csproj", "{09D46F9E-C417-4A41-8372-834CBC435BF7}"
EndProject
Global
	GlobalSection(SolutionConfigurationPlatforms) = preSolution
		Debug|Any CPU = Debug|Any CPU
		Release|Any CPU = Release|Any CPU
	EndGlobalSection
	GlobalSection(ProjectConfigurationPlatforms) = postSolution
		{8446D6F6-0C9E-437E-BDDE-F5340C8612C3}.Debug|Any CPU.ActiveCfg = Debug|Any CPU
		{8446D6F6-0C9E-437E-BDDE-F5340C8612C3}.Debug|Any CPU.Build.0 = Debug|Any CPU
		{8446D6F6-0C9E-437E-BDDE-F5340C8612C3}.Release|Any CPU.ActiveCfg = Release|Any CPU
		{8446D6F6-0C9E-437E-BDDE-F5340C8612C3}.Release|Any CPU.Build.0 = Release|Any CPU
		{9FCD9F96-0955-431C-BFCA-17891CE162CE}.Debug|Any CPU.ActiveCfg = Debug|Any CPU
		{9FCD9F96-0955-431C-BFCA-17891CE162CE}.Debug|Any CPU.Build.0 = Debug|Any CPU
		{9FCD9F96-0955-431C-BFCA-17891CE162CE}.Release|Any CPU.ActiveCfg = Release|Any CPU
		{9FCD9F96-0955-431C-BFCA-17891CE162CE}.Release|Any CPU.Build.0 = Release|Any CPU
		{9E96F7E8-DCE0-4F6E-8B62-B928EABD2BA5}.Debug|Any CPU.ActiveCfg = Debug|Any CPU
		{9E96F7E8-DCE0-4F6E-8B62-B928EABD2BA5}.Debug|Any CPU.Build.0 = Debug|Any CPU
		{9E96F7E8-DCE0-4F6E-8B62-B928EABD2BA5}.Release|Any CPU.ActiveCfg = Release|Any CPU
		{9E96F7E8-DCE0-4F6E-8B62-B928EABD2BA5}.Release|Any CPU.Build.0 = Release|Any CPU
		{201D489F-1D5B-4A97-B11C-1D156D0AD2A6}.Debug|Any CPU.ActiveCfg = Debug|Any CPU
		{201D489F-1D5B-4A97-B11C-1D156D0AD2A6}.Debug|Any CPU.Build.0 = Debug|Any CPU
		{201D489F-1D5B-4A97-B11C-1D156D0AD2A6}.Release|Any CPU.ActiveCfg = Release|Any CPU
		{201D489F-1D5B-4A97-B11C-1D156D0AD2A6}.Release|Any CPU.Build.0 = Release|Any CPU
		{35C0CCB6-D007-4BEC-893A-96EF07F290B8}.Debug|Any CPU.ActiveCfg = Debug|Any CPU
		{35C0CCB6-D007-4BEC-893A-96EF07F290B8}.Debug|Any CPU.Build.0 = Debug|Any CPU
		{35C0CCB6-D007-4BEC-893A-96EF07F290B8}.Release|Any CPU.ActiveCfg = Release|Any CPU
		{35C0CCB6-D007-4BEC-893A-96EF07F290B8}.Release|Any CPU.Build.0 = Release|Any CPU
		{09D46F9E-C417-4A41-8372-834CBC435BF7}.Debug|Any CPU.ActiveCfg = Debug|Any CPU
		{09D46F9E-C417-4A41-8372-834CBC435BF7}.Debug|Any CPU.Build.0 = Debug|Any CPU
		{09D46F9E-C417-4A41-8372-834CBC435BF7}.Release|Any CPU.ActiveCfg = Release|Any CPU
		{09D46F9E-C417-4A41-8372-834CBC435BF7}.Release|Any CPU.Build.0 = Release|Any CPU
	EndGlobalSection
	GlobalSection(SolutionProperties) = preSolution
		HideSolutionNode = FALSE
	EndGlobalSection
	GlobalSection(ExtensibilityGlobals) = postSolution
		SolutionGuid = {953A8E9F-4418-41EA-8FB8-DCD4378C53C4}
	EndGlobalSection
EndGlobal
