
Microsoft Visual Studio Solution File, Format Version 12.00
# Visual Studio Version 17
VisualStudioVersion = 17.2.32630.192
MinimumVisualStudioVersion = 10.0.40219.1
Project("{FAE04EC0-301F-11D3-BF4B-00C04F79EFBC}") = "Bai_1", "Bai_1\Bai_1.csproj", "{3C5B32B4-00E9-4D12-973C-93F7B9E3B036}"
EndProject
Project("{FAE04EC0-301F-11D3-BF4B-00C04F79EFBC}") = "KT_Bai7", "KT_Bai7\KT_Bai7.csproj", "{CF2D958A-4C19-4DAF-9751-A377B3856911}"
EndProject
Global
	GlobalSection(SolutionConfigurationPlatforms) = preSolution
		Debug|Any CPU = Debug|Any CPU
		Release|Any CPU = Release|Any CPU
	EndGlobalSection
	GlobalSection(ProjectConfigurationPlatforms) = postSolution
		{3C5B32B4-00E9-4D12-973C-93F7B9E3B036}.Debug|Any CPU.ActiveCfg = Debug|Any CPU
		{3C5B32B4-00E9-4D12-973C-93F7B9E3B036}.Debug|Any CPU.Build.0 = Debug|Any CPU
		{3C5B32B4-00E9-4D12-973C-93F7B9E3B036}.Release|Any CPU.ActiveCfg = Release|Any CPU
		{3C5B32B4-00E9-4D12-973C-93F7B9E3B036}.Release|Any CPU.Build.0 = Release|Any CPU
		{CF2D958A-4C19-4DAF-9751-A377B3856911}.Debug|Any CPU.ActiveCfg = Debug|Any CPU
		{CF2D958A-4C19-4DAF-9751-A377B3856911}.Debug|Any CPU.Build.0 = Debug|Any CPU
		{CF2D958A-4C19-4DAF-9751-A377B3856911}.Release|Any CPU.ActiveCfg = Release|Any CPU
		{CF2D958A-4C19-4DAF-9751-A377B3856911}.Release|Any CPU.Build.0 = Release|Any CPU
	EndGlobalSection
	GlobalSection(SolutionProperties) = preSolution
		HideSolutionNode = FALSE
	EndGlobalSection
	GlobalSection(ExtensibilityGlobals) = postSolution
		SolutionGuid = {825C49F9-7FFD-4ED9-BD7A-9CD01D40E2B6}
	EndGlobalSection
EndGlobal
