
Microsoft Visual Studio Solution File, Format Version 12.00
# Visual Studio Version 17
VisualStudioVersion = 17.2.32616.157
MinimumVisualStudioVersion = 10.0.40219.1
Project("{FAE04EC0-301F-11D3-BF4B-00C04F79EFBC}") = "Bai1.1", "Bai1.1\Bai1.1.csproj", "{A08690FB-2C97-4DDD-96BF-282C50B3B88F}"
EndProject
Global
	GlobalSection(SolutionConfigurationPlatforms) = preSolution
		Debug|Any CPU = Debug|Any CPU
		Release|Any CPU = Release|Any CPU
	EndGlobalSection
	GlobalSection(ProjectConfigurationPlatforms) = postSolution
		{A08690FB-2C97-4DDD-96BF-282C50B3B88F}.Debug|Any CPU.ActiveCfg = Debug|Any CPU
		{A08690FB-2C97-4DDD-96BF-282C50B3B88F}.Debug|Any CPU.Build.0 = Debug|Any CPU
		{A08690FB-2C97-4DDD-96BF-282C50B3B88F}.Release|Any CPU.ActiveCfg = Release|Any CPU
		{A08690FB-2C97-4DDD-96BF-282C50B3B88F}.Release|Any CPU.Build.0 = Release|Any CPU
	EndGlobalSection
	GlobalSection(SolutionProperties) = preSolution
		HideSolutionNode = FALSE
	EndGlobalSection
	GlobalSection(ExtensibilityGlobals) = postSolution
		SolutionGuid = {913467B0-DF6D-4E8B-AD26-A1D125D8F123}
	EndGlobalSection
EndGlobal
