
Microsoft Visual Studio Solution File, Format Version 12.00
# Visual Studio Version 17
VisualStudioVersion = 17.2.32616.157
MinimumVisualStudioVersion = 10.0.40219.1
Project("{9A19103F-16F7-4668-BE54-9A1E7A4F7556}") = "Bai_2.1", "Bai_2.1\Bai_2.1.csproj", "{326FA2DD-6DA8-4D76-A34A-A25C4D79A304}"
EndProject
Project("{9A19103F-16F7-4668-BE54-9A1E7A4F7556}") = "Chuoi", "Chuoi\Chuoi.csproj", "{54679B44-CC28-44C8-8818-7FCA68EBAE2C}"
EndProject
Project("{FAE04EC0-301F-11D3-BF4B-00C04F79EFBC}") = "DanhSach", "DanhSach\DanhSach.csproj", "{C148D269-081D-4BBA-908E-5E5BDE137C44}"
EndProject
Project("{FAE04EC0-301F-11D3-BF4B-00C04F79EFBC}") = "CauTruc", "CauTruc\CauTruc.csproj", "{99E211A2-5312-4DD6-9831-69918E2BCBB0}"
EndProject
Project("{FAE04EC0-301F-11D3-BF4B-00C04F79EFBC}") = "TapTin", "TapTin\TapTin.csproj", "{D662107E-1188-43FC-BD09-8463CCDAAB4A}"
EndProject
Global
	GlobalSection(SolutionConfigurationPlatforms) = preSolution
		Debug|Any CPU = Debug|Any CPU
		Release|Any CPU = Release|Any CPU
	EndGlobalSection
	GlobalSection(ProjectConfigurationPlatforms) = postSolution
		{326FA2DD-6DA8-4D76-A34A-A25C4D79A304}.Debug|Any CPU.ActiveCfg = Debug|Any CPU
		{326FA2DD-6DA8-4D76-A34A-A25C4D79A304}.Debug|Any CPU.Build.0 = Debug|Any CPU
		{326FA2DD-6DA8-4D76-A34A-A25C4D79A304}.Release|Any CPU.ActiveCfg = Release|Any CPU
		{326FA2DD-6DA8-4D76-A34A-A25C4D79A304}.Release|Any CPU.Build.0 = Release|Any CPU
		{54679B44-CC28-44C8-8818-7FCA68EBAE2C}.Debug|Any CPU.ActiveCfg = Debug|Any CPU
		{54679B44-CC28-44C8-8818-7FCA68EBAE2C}.Debug|Any CPU.Build.0 = Debug|Any CPU
		{54679B44-CC28-44C8-8818-7FCA68EBAE2C}.Release|Any CPU.ActiveCfg = Release|Any CPU
		{54679B44-CC28-44C8-8818-7FCA68EBAE2C}.Release|Any CPU.Build.0 = Release|Any CPU
		{C148D269-081D-4BBA-908E-5E5BDE137C44}.Debug|Any CPU.ActiveCfg = Debug|Any CPU
		{C148D269-081D-4BBA-908E-5E5BDE137C44}.Debug|Any CPU.Build.0 = Debug|Any CPU
		{C148D269-081D-4BBA-908E-5E5BDE137C44}.Release|Any CPU.ActiveCfg = Release|Any CPU
		{C148D269-081D-4BBA-908E-5E5BDE137C44}.Release|Any CPU.Build.0 = Release|Any CPU
		{99E211A2-5312-4DD6-9831-69918E2BCBB0}.Debug|Any CPU.ActiveCfg = Debug|Any CPU
		{99E211A2-5312-4DD6-9831-69918E2BCBB0}.Debug|Any CPU.Build.0 = Debug|Any CPU
		{99E211A2-5312-4DD6-9831-69918E2BCBB0}.Release|Any CPU.ActiveCfg = Release|Any CPU
		{99E211A2-5312-4DD6-9831-69918E2BCBB0}.Release|Any CPU.Build.0 = Release|Any CPU
		{D662107E-1188-43FC-BD09-8463CCDAAB4A}.Debug|Any CPU.ActiveCfg = Debug|Any CPU
		{D662107E-1188-43FC-BD09-8463CCDAAB4A}.Debug|Any CPU.Build.0 = Debug|Any CPU
		{D662107E-1188-43FC-BD09-8463CCDAAB4A}.Release|Any CPU.ActiveCfg = Release|Any CPU
		{D662107E-1188-43FC-BD09-8463CCDAAB4A}.Release|Any CPU.Build.0 = Release|Any CPU
	EndGlobalSection
	GlobalSection(SolutionProperties) = preSolution
		HideSolutionNode = FALSE
	EndGlobalSection
	GlobalSection(ExtensibilityGlobals) = postSolution
		SolutionGuid = {E639279B-B19F-4CF9-A552-718A29A2C989}
	EndGlobalSection
EndGlobal
