
Microsoft Visual Studio Solution File, Format Version 12.00
# Visual Studio Version 17
VisualStudioVersion = 17.2.32616.157
MinimumVisualStudioVersion = 10.0.40219.1
Project("{9A19103F-16F7-4668-BE54-9A1E7A4F7556}") = "Bai_1", "Bai_1\Bai_1.csproj", "{0F7B1DF5-6749-4B68-AC67-8095B8FAFAA3}"
EndProject
Project("{9A19103F-16F7-4668-BE54-9A1E7A4F7556}") = "Bai_2", "Bai_2\Bai_2.csproj", "{CA1343BE-251C-4281-A1EF-5326AA2EA517}"
EndProject
Project("{9A19103F-16F7-4668-BE54-9A1E7A4F7556}") = "Bai_3", "Bai_3\Bai_3.csproj", "{725B2C6E-4094-4B3A-9E60-9BBC359ADF68}"
EndProject
Project("{FAE04EC0-301F-11D3-BF4B-00C04F79EFBC}") = "Bai_4", "Bai_4\Bai_4.csproj", "{8DA6EB15-E327-4F2B-840D-8FAC3AD5287D}"
EndProject
Global
	GlobalSection(SolutionConfigurationPlatforms) = preSolution
		Debug|Any CPU = Debug|Any CPU
		Release|Any CPU = Release|Any CPU
	EndGlobalSection
	GlobalSection(ProjectConfigurationPlatforms) = postSolution
		{0F7B1DF5-6749-4B68-AC67-8095B8FAFAA3}.Debug|Any CPU.ActiveCfg = Debug|Any CPU
		{0F7B1DF5-6749-4B68-AC67-8095B8FAFAA3}.Debug|Any CPU.Build.0 = Debug|Any CPU
		{0F7B1DF5-6749-4B68-AC67-8095B8FAFAA3}.Release|Any CPU.ActiveCfg = Release|Any CPU
		{0F7B1DF5-6749-4B68-AC67-8095B8FAFAA3}.Release|Any CPU.Build.0 = Release|Any CPU
		{CA1343BE-251C-4281-A1EF-5326AA2EA517}.Debug|Any CPU.ActiveCfg = Debug|Any CPU
		{CA1343BE-251C-4281-A1EF-5326AA2EA517}.Debug|Any CPU.Build.0 = Debug|Any CPU
		{CA1343BE-251C-4281-A1EF-5326AA2EA517}.Release|Any CPU.ActiveCfg = Release|Any CPU
		{CA1343BE-251C-4281-A1EF-5326AA2EA517}.Release|Any CPU.Build.0 = Release|Any CPU
		{725B2C6E-4094-4B3A-9E60-9BBC359ADF68}.Debug|Any CPU.ActiveCfg = Debug|Any CPU
		{725B2C6E-4094-4B3A-9E60-9BBC359ADF68}.Debug|Any CPU.Build.0 = Debug|Any CPU
		{725B2C6E-4094-4B3A-9E60-9BBC359ADF68}.Release|Any CPU.ActiveCfg = Release|Any CPU
		{725B2C6E-4094-4B3A-9E60-9BBC359ADF68}.Release|Any CPU.Build.0 = Release|Any CPU
		{8DA6EB15-E327-4F2B-840D-8FAC3AD5287D}.Debug|Any CPU.ActiveCfg = Debug|Any CPU
		{8DA6EB15-E327-4F2B-840D-8FAC3AD5287D}.Debug|Any CPU.Build.0 = Debug|Any CPU
		{8DA6EB15-E327-4F2B-840D-8FAC3AD5287D}.Release|Any CPU.ActiveCfg = Release|Any CPU
		{8DA6EB15-E327-4F2B-840D-8FAC3AD5287D}.Release|Any CPU.Build.0 = Release|Any CPU
	EndGlobalSection
	GlobalSection(SolutionProperties) = preSolution
		HideSolutionNode = FALSE
	EndGlobalSection
	GlobalSection(ExtensibilityGlobals) = postSolution
		SolutionGuid = {9E4B7DFC-0B57-4778-B642-7F67ABDFBC96}
	EndGlobalSection
EndGlobal
