
Microsoft Visual Studio Solution File, Format Version 12.00
# Visual Studio Version 17
VisualStudioVersion = 17.2.32616.157
MinimumVisualStudioVersion = 10.0.40219.1
Project("{FAE04EC0-301F-11D3-BF4B-00C04F79EFBC}") = "TongHop", "TongHop\TongHop.csproj", "{8E643C1F-008D-48BA-91E2-E12F2CA763A6}"
EndProject
Global
	GlobalSection(SolutionConfigurationPlatforms) = preSolution
		Debug|Any CPU = Debug|Any CPU
		Release|Any CPU = Release|Any CPU
	EndGlobalSection
	GlobalSection(ProjectConfigurationPlatforms) = postSolution
		{8E643C1F-008D-48BA-91E2-E12F2CA763A6}.Debug|Any CPU.ActiveCfg = Debug|Any CPU
		{8E643C1F-008D-48BA-91E2-E12F2CA763A6}.Debug|Any CPU.Build.0 = Debug|Any CPU
		{8E643C1F-008D-48BA-91E2-E12F2CA763A6}.Release|Any CPU.ActiveCfg = Release|Any CPU
		{8E643C1F-008D-48BA-91E2-E12F2CA763A6}.Release|Any CPU.Build.0 = Release|Any CPU
	EndGlobalSection
	GlobalSection(SolutionProperties) = preSolution
		HideSolutionNode = FALSE
	EndGlobalSection
	GlobalSection(ExtensibilityGlobals) = postSolution
		SolutionGuid = {77B747F7-D36E-4D0B-B447-2DF3E4DBD66C}
	EndGlobalSection
EndGlobal
