
Microsoft Visual Studio Solution File, Format Version 12.00
# Visual Studio Version 17
VisualStudioVersion = 17.3.32804.467
MinimumVisualStudioVersion = 10.0.40219.1
Project("{FAE04EC0-301F-11D3-BF4B-00C04F79EFBC}") = "WPF_DB_QLKETQUA", "WPF_DB_QLKETQUA\WPF_DB_QLKETQUA.csproj", "{F9E443B5-46F1-4B98-A1C5-67956F64C18B}"
EndProject
Global
	GlobalSection(SolutionConfigurationPlatforms) = preSolution
		Debug|Any CPU = Debug|Any CPU
		Release|Any CPU = Release|Any CPU
	EndGlobalSection
	GlobalSection(ProjectConfigurationPlatforms) = postSolution
		{F9E443B5-46F1-4B98-A1C5-67956F64C18B}.Debug|Any CPU.ActiveCfg = Debug|Any CPU
		{F9E443B5-46F1-4B98-A1C5-67956F64C18B}.Debug|Any CPU.Build.0 = Debug|Any CPU
		{F9E443B5-46F1-4B98-A1C5-67956F64C18B}.Release|Any CPU.ActiveCfg = Release|Any CPU
		{F9E443B5-46F1-4B98-A1C5-67956F64C18B}.Release|Any CPU.Build.0 = Release|Any CPU
	EndGlobalSection
	GlobalSection(SolutionProperties) = preSolution
		HideSolutionNode = FALSE
	EndGlobalSection
	GlobalSection(ExtensibilityGlobals) = postSolution
		SolutionGuid = {06CF6D49-9D5D-408F-8C6B-305F99815DEF}
	EndGlobalSection
EndGlobal
