
Microsoft Visual Studio Solution File, Format Version 12.00
# Visual Studio Version 17
VisualStudioVersion = 17.3.32804.467
MinimumVisualStudioVersion = 10.0.40219.1
Project("{FAE04EC0-301F-11D3-BF4B-00C04F79EFBC}") = "WPF_QuanLyMonHoc", "WPF_QuanLyMonHoc\WPF_QuanLyMonHoc.csproj", "{A7713365-3850-4C08-B38F-3EFE598DB5AA}"
EndProject
Global
	GlobalSection(SolutionConfigurationPlatforms) = preSolution
		Debug|Any CPU = Debug|Any CPU
		Release|Any CPU = Release|Any CPU
	EndGlobalSection
	GlobalSection(ProjectConfigurationPlatforms) = postSolution
		{A7713365-3850-4C08-B38F-3EFE598DB5AA}.Debug|Any CPU.ActiveCfg = Debug|Any CPU
		{A7713365-3850-4C08-B38F-3EFE598DB5AA}.Debug|Any CPU.Build.0 = Debug|Any CPU
		{A7713365-3850-4C08-B38F-3EFE598DB5AA}.Release|Any CPU.ActiveCfg = Release|Any CPU
		{A7713365-3850-4C08-B38F-3EFE598DB5AA}.Release|Any CPU.Build.0 = Release|Any CPU
	EndGlobalSection
	GlobalSection(SolutionProperties) = preSolution
		HideSolutionNode = FALSE
	EndGlobalSection
	GlobalSection(ExtensibilityGlobals) = postSolution
		SolutionGuid = {7BFEE742-2001-4C01-B5D3-6D100096ABB9}
	EndGlobalSection
EndGlobal
