
Microsoft Visual Studio Solution File, Format Version 12.00
# Visual Studio Version 17
VisualStudioVersion = 17.2.32616.157
MinimumVisualStudioVersion = 10.0.40219.1
Project("{FAE04EC0-301F-11D3-BF4B-00C04F79EFBC}") = "Bai_4.1", "Bai_4.1\Bai_4.1.csproj", "{9A101613-6F8E-4060-8CB9-724BE3696A96}"
EndProject
Project("{FAE04EC0-301F-11D3-BF4B-00C04F79EFBC}") = "Bai_4.2", "Bai_4.2\Bai_4.2.csproj", "{4C00ABAD-2454-456E-98C5-409C41B45220}"
EndProject
Project("{FAE04EC0-301F-11D3-BF4B-00C04F79EFBC}") = "Bai_4.3", "Bai_4.3\Bai_4.3.csproj", "{58BCFAE3-92DF-45D6-B1EE-8CD9476773E4}"
EndProject
Global
	GlobalSection(SolutionConfigurationPlatforms) = preSolution
		Debug|Any CPU = Debug|Any CPU
		Release|Any CPU = Release|Any CPU
	EndGlobalSection
	GlobalSection(ProjectConfigurationPlatforms) = postSolution
		{9A101613-6F8E-4060-8CB9-724BE3696A96}.Debug|Any CPU.ActiveCfg = Debug|Any CPU
		{9A101613-6F8E-4060-8CB9-724BE3696A96}.Debug|Any CPU.Build.0 = Debug|Any CPU
		{9A101613-6F8E-4060-8CB9-724BE3696A96}.Release|Any CPU.ActiveCfg = Release|Any CPU
		{9A101613-6F8E-4060-8CB9-724BE3696A96}.Release|Any CPU.Build.0 = Release|Any CPU
		{4C00ABAD-2454-456E-98C5-409C41B45220}.Debug|Any CPU.ActiveCfg = Debug|Any CPU
		{4C00ABAD-2454-456E-98C5-409C41B45220}.Debug|Any CPU.Build.0 = Debug|Any CPU
		{4C00ABAD-2454-456E-98C5-409C41B45220}.Release|Any CPU.ActiveCfg = Release|Any CPU
		{4C00ABAD-2454-456E-98C5-409C41B45220}.Release|Any CPU.Build.0 = Release|Any CPU
		{58BCFAE3-92DF-45D6-B1EE-8CD9476773E4}.Debug|Any CPU.ActiveCfg = Debug|Any CPU
		{58BCFAE3-92DF-45D6-B1EE-8CD9476773E4}.Debug|Any CPU.Build.0 = Debug|Any CPU
		{58BCFAE3-92DF-45D6-B1EE-8CD9476773E4}.Release|Any CPU.ActiveCfg = Release|Any CPU
		{58BCFAE3-92DF-45D6-B1EE-8CD9476773E4}.Release|Any CPU.Build.0 = Release|Any CPU
	EndGlobalSection
	GlobalSection(SolutionProperties) = preSolution
		HideSolutionNode = FALSE
	EndGlobalSection
	GlobalSection(ExtensibilityGlobals) = postSolution
		SolutionGuid = {1E7F9E5D-0202-49DC-9F1C-5E521C92EF5C}
	EndGlobalSection
EndGlobal
